
Microsoft Visual Studio Solution File, Format Version 12.00
# Visual Studio Version 17
VisualStudioVersion = 17.3.32901.215
MinimumVisualStudioVersion = 10.0.40219.1
Project("{FAE04EC0-301F-11D3-BF4B-00C04F79EFBC}") = "MartBerries-Server.API", "MartBerries-Server.API\MartBerries-Server.API.csproj", "{F13B8140-CE5D-437D-85B1-B751F4929E8E}"
EndProject
Global
	GlobalSection(SolutionConfigurationPlatforms) = preSolution
		Debug|Any CPU = Debug|Any CPU
		Release|Any CPU = Release|Any CPU
	EndGlobalSection
	GlobalSection(ProjectConfigurationPlatforms) = postSolution
		{F13B8140-CE5D-437D-85B1-B751F4929E8E}.Debug|Any CPU.ActiveCfg = Debug|Any CPU
		{F13B8140-CE5D-437D-85B1-B751F4929E8E}.Debug|Any CPU.Build.0 = Debug|Any CPU
		{F13B8140-CE5D-437D-85B1-B751F4929E8E}.Release|Any CPU.ActiveCfg = Release|Any CPU
		{F13B8140-CE5D-437D-85B1-B751F4929E8E}.Release|Any CPU.Build.0 = Release|Any CPU
	EndGlobalSection
	GlobalSection(SolutionProperties) = preSolution
		HideSolutionNode = FALSE
	EndGlobalSection
	GlobalSection(ExtensibilityGlobals) = postSolution
		SolutionGuid = {CD2A07A4-AB34-4023-BF68-2E4E8A7635C0}
	EndGlobalSection
EndGlobal
